
Microsoft Visual Studio Solution File, Format Version 12.00
# Visual Studio 15
VisualStudioVersion = 15.0.28307.102
MinimumVisualStudioVersion = 10.0.40219.1
Project("{D2ABAB84-BF74-430A-B69E-9DC6D40DDA17}") = "MAD_2ZAL", "MAD_2ZAL\MAD_2ZAL.dwproj", "{6BF35B0C-0607-4628-AB40-83D8EEE90AC2}"
EndProject
Global
	GlobalSection(SolutionConfigurationPlatforms) = preSolution
		Development|Default = Development|Default
	EndGlobalSection
	GlobalSection(ProjectConfigurationPlatforms) = postSolution
		{6BF35B0C-0607-4628-AB40-83D8EEE90AC2}.Development|Default.ActiveCfg = Development
		{6BF35B0C-0607-4628-AB40-83D8EEE90AC2}.Development|Default.Build.0 = Development
		{6BF35B0C-0607-4628-AB40-83D8EEE90AC2}.Development|Default.Deploy.0 = Development
	EndGlobalSection
	GlobalSection(SolutionProperties) = preSolution
		HideSolutionNode = FALSE
	EndGlobalSection
	GlobalSection(ExtensibilityGlobals) = postSolution
		SolutionGuid = {C225147C-E874-4627-8EF1-9B9E3E548097}
	EndGlobalSection
EndGlobal
